
Microsoft Visual Studio Solution File, Format Version 12.00
# Visual Studio Version 17
VisualStudioVersion = 17.14.36414.22
MinimumVisualStudioVersion = 10.0.40219.1
Project("{FAE04EC0-301F-11D3-BF4B-00C04F79EFBC}") = "InventoryService", "ejemplo api rest\InventoryService.csproj", "{42DAA3B1-19AD-4EF3-833F-15F6F282AA46}"
EndProject
Project("{FAE04EC0-301F-11D3-BF4B-00C04F79EFBC}") = "OrderService", "ClienteApiRest\OrderService.csproj", "{AB833F15-CB40-4A06-97D7-1F4E97BAE540}"
EndProject
Global
	GlobalSection(SolutionConfigurationPlatforms) = preSolution
		Debug|Any CPU = Debug|Any CPU
		Release|Any CPU = Release|Any CPU
	EndGlobalSection
	GlobalSection(ProjectConfigurationPlatforms) = postSolution
		{42DAA3B1-19AD-4EF3-833F-15F6F282AA46}.Debug|Any CPU.ActiveCfg = Debug|Any CPU
		{42DAA3B1-19AD-4EF3-833F-15F6F282AA46}.Debug|Any CPU.Build.0 = Debug|Any CPU
		{42DAA3B1-19AD-4EF3-833F-15F6F282AA46}.Release|Any CPU.ActiveCfg = Release|Any CPU
		{42DAA3B1-19AD-4EF3-833F-15F6F282AA46}.Release|Any CPU.Build.0 = Release|Any CPU
		{AB833F15-CB40-4A06-97D7-1F4E97BAE540}.Debug|Any CPU.ActiveCfg = Debug|Any CPU
		{AB833F15-CB40-4A06-97D7-1F4E97BAE540}.Debug|Any CPU.Build.0 = Debug|Any CPU
		{AB833F15-CB40-4A06-97D7-1F4E97BAE540}.Release|Any CPU.ActiveCfg = Release|Any CPU
		{AB833F15-CB40-4A06-97D7-1F4E97BAE540}.Release|Any CPU.Build.0 = Release|Any CPU
	EndGlobalSection
	GlobalSection(SolutionProperties) = preSolution
		HideSolutionNode = FALSE
	EndGlobalSection
	GlobalSection(ExtensibilityGlobals) = postSolution
		SolutionGuid = {107F9EA7-4642-4208-A758-BE1F82D4FF3F}
	EndGlobalSection
EndGlobal
